
Microsoft Visual Studio Solution File, Format Version 12.00
# Visual Studio Version 17
VisualStudioVersion = 17.8.34601.278
MinimumVisualStudioVersion = 10.0.40219.1
Project("{9A19103F-16F7-4668-BE54-9A1E7A4F7556}") = "VisualHttpServer", "VisualHttpServer\VisualHttpServer.csproj", "{DB12A4C4-3B8C-4507-9542-F9A46555B5BA}"
EndProject
Project("{FAE04EC0-301F-11D3-BF4B-00C04F79EFBC}") = "Core", "Core\Core.csproj", "{8FBCB851-D63A-4AB1-A61F-6FAB8E27E691}"
EndProject
Global
	GlobalSection(SolutionConfigurationPlatforms) = preSolution
		Debug|Any CPU = Debug|Any CPU
		Release|Any CPU = Release|Any CPU
	EndGlobalSection
	GlobalSection(ProjectConfigurationPlatforms) = postSolution
		{DB12A4C4-3B8C-4507-9542-F9A46555B5BA}.Debug|Any CPU.ActiveCfg = Debug|Any CPU
		{DB12A4C4-3B8C-4507-9542-F9A46555B5BA}.Debug|Any CPU.Build.0 = Debug|Any CPU
		{DB12A4C4-3B8C-4507-9542-F9A46555B5BA}.Release|Any CPU.ActiveCfg = Release|Any CPU
		{DB12A4C4-3B8C-4507-9542-F9A46555B5BA}.Release|Any CPU.Build.0 = Release|Any CPU
		{8FBCB851-D63A-4AB1-A61F-6FAB8E27E691}.Debug|Any CPU.ActiveCfg = Debug|Any CPU
		{8FBCB851-D63A-4AB1-A61F-6FAB8E27E691}.Debug|Any CPU.Build.0 = Debug|Any CPU
		{8FBCB851-D63A-4AB1-A61F-6FAB8E27E691}.Release|Any CPU.ActiveCfg = Release|Any CPU
		{8FBCB851-D63A-4AB1-A61F-6FAB8E27E691}.Release|Any CPU.Build.0 = Release|Any CPU
	EndGlobalSection
	GlobalSection(SolutionProperties) = preSolution
		HideSolutionNode = FALSE
	EndGlobalSection
	GlobalSection(ExtensibilityGlobals) = postSolution
		SolutionGuid = {7E825FA0-5179-4511-92D2-3BF1DE071351}
	EndGlobalSection
EndGlobal
